// !$*UTF8*$!
{
	archiveVersion = 1;
	classes = {
	};
	objectVersion = 56;
	objects = {

/* Begin PBXBuildFile section */
		600000000000000000000001 /* ClipStackApp.swift in Sources */ = {isa = PBXBuildFile; fileRef = 500000000000000000000001 /* ClipStackApp.swift */; };
		600000000000000000000002 /* AppDelegate.swift in Sources */ = {isa = PBXBuildFile; fileRef = 500000000000000000000002 /* AppDelegate.swift */; };
		600000000000000000000020 /* Assets.xcassets in Resources */ = {isa = PBXBuildFile; fileRef = 500000000000000000000020 /* Assets.xcassets */; };
		600000000000000000000003 /* ClipboardMonitor.swift in Sources */ = {isa = PBXBuildFile; fileRef = 500000000000000000000003 /* ClipboardMonitor.swift */; };
		600000000000000000000004 /* ScreenshotWatcher.swift in Sources */ = {isa = PBXBuildFile; fileRef = 500000000000000000000004 /* ScreenshotWatcher.swift */; };
		600000000000000000000005 /* ClipboardStore.swift in Sources */ = {isa = PBXBuildFile; fileRef = 500000000000000000000005 /* ClipboardStore.swift */; };
		600000000000000000000006 /* ClipboardItem.swift in Sources */ = {isa = PBXBuildFile; fileRef = 500000000000000000000006 /* ClipboardItem.swift */; };
		600000000000000000000007 /* MenuBarView.swift in Sources */ = {isa = PBXBuildFile; fileRef = 500000000000000000000007 /* MenuBarView.swift */; };
		60000000000000000000000B /* ClipboardHistoryPersistence.swift in Sources */ = {isa = PBXBuildFile; fileRef = 50000000000000000000000E /* ClipboardHistoryPersistence.swift */; };
		60000000000000000000000C /* SemanticIndex.swift in Sources */ = {isa = PBXBuildFile; fileRef = 50000000000000000000000F /* SemanticIndex.swift */; };
		60000000000000000000000E /* DownloadItem.swift in Sources */ = {isa = PBXBuildFile; fileRef = 500000000000000000000011 /* DownloadItem.swift */; };
		60000000000000000000000F /* DownloadsStore.swift in Sources */ = {isa = PBXBuildFile; fileRef = 500000000000000000000012 /* DownloadsStore.swift */; };
		600000000000000000000010 /* DownloadsWatcher.swift in Sources */ = {isa = PBXBuildFile; fileRef = 500000000000000000000013 /* DownloadsWatcher.swift */; };
		600000000000000000000011 /* DownloadsListView.swift in Sources */ = {isa = PBXBuildFile; fileRef = 500000000000000000000014 /* DownloadsListView.swift */; };
		600000000000000000000013 /* InstantAreaCapture.swift in Sources */ = {isa = PBXBuildFile; fileRef = 500000000000000000000016 /* InstantAreaCapture.swift */; };
		600000000000000000000008 /* ClipboardStoreTests.swift in Sources */ = {isa = PBXBuildFile; fileRef = 500000000000000000000008 /* ClipboardStoreTests.swift */; };
		600000000000000000000009 /* ClipboardMonitorTests.swift in Sources */ = {isa = PBXBuildFile; fileRef = 500000000000000000000009 /* ClipboardMonitorTests.swift */; };
		60000000000000000000000A /* ScreenshotWatcherTests.swift in Sources */ = {isa = PBXBuildFile; fileRef = 50000000000000000000000A /* ScreenshotWatcherTests.swift */; };
		60000000000000000000000D /* SemanticIndexTests.swift in Sources */ = {isa = PBXBuildFile; fileRef = 500000000000000000000010 /* SemanticIndexTests.swift */; };
		600000000000000000000012 /* DownloadsStoreTests.swift in Sources */ = {isa = PBXBuildFile; fileRef = 500000000000000000000015 /* DownloadsStoreTests.swift */; };
		600000000000000000000014 /* InstantAreaCaptureTests.swift in Sources */ = {isa = PBXBuildFile; fileRef = 500000000000000000000017 /* InstantAreaCaptureTests.swift */; };
		600000000000000000000015 /* ItemSelection.swift in Sources */ = {isa = PBXBuildFile; fileRef = 500000000000000000000018 /* ItemSelection.swift */; };
		600000000000000000000016 /* ItemSelectionTests.swift in Sources */ = {isa = PBXBuildFile; fileRef = 500000000000000000000019 /* ItemSelectionTests.swift */; };
		600000000000000000000017 /* QuickPasteController.swift in Sources */ = {isa = PBXBuildFile; fileRef = 50000000000000000000001A /* QuickPasteController.swift */; };
		600000000000000000000018 /* QuickPasteView.swift in Sources */ = {isa = PBXBuildFile; fileRef = 50000000000000000000001B /* QuickPasteView.swift */; };
		600000000000000000000019 /* QuickPasteTests.swift in Sources */ = {isa = PBXBuildFile; fileRef = 50000000000000000000001C /* QuickPasteTests.swift */; };
		60000000000000000000001A /* QuickPastePlacement.swift in Sources */ = {isa = PBXBuildFile; fileRef = 50000000000000000000001D /* QuickPastePlacement.swift */; };
		600000000000000000000030 /* TextCaretResolver.swift in Sources */ = {isa = PBXBuildFile; fileRef = 500000000000000000000030 /* TextCaretResolver.swift */; };
		600000000000000000000031 /* TextRunMeasurer.swift in Sources */ = {isa = PBXBuildFile; fileRef = 500000000000000000000031 /* TextRunMeasurer.swift */; };
		600000000000000000000033 /* TextCaretGeometry.swift in Sources */ = {isa = PBXBuildFile; fileRef = 500000000000000000000033 /* TextCaretGeometry.swift */; };
		600000000000000000000032 /* TextCaretResolverTests.swift in Sources */ = {isa = PBXBuildFile; fileRef = 500000000000000000000032 /* TextCaretResolverTests.swift */; };
		60000000000000000000001B /* AccessibilityTextCaretLocator.swift in Sources */ = {isa = PBXBuildFile; fileRef = 50000000000000000000001E /* AccessibilityTextCaretLocator.swift */; };
		60000000000000000000001C /* GlobalQuickPasteHotKey.swift in Sources */ = {isa = PBXBuildFile; fileRef = 50000000000000000000001F /* GlobalQuickPasteHotKey.swift */; };
		6000000000000000000000A0 /* OnboardingTheme.swift in Sources */ = {isa = PBXBuildFile; fileRef = 5000000000000000000000A0 /* OnboardingTheme.swift */; };
		6000000000000000000000A1 /* OnboardingModel.swift in Sources */ = {isa = PBXBuildFile; fileRef = 5000000000000000000000A1 /* OnboardingModel.swift */; };
		6000000000000000000000A2 /* DemoTimeline.swift in Sources */ = {isa = PBXBuildFile; fileRef = 5000000000000000000000A2 /* DemoTimeline.swift */; };
		6000000000000000000000A3 /* MacBookFrame.swift in Sources */ = {isa = PBXBuildFile; fileRef = 5000000000000000000000A3 /* MacBookFrame.swift */; };
		6000000000000000000000A4 /* DesktopScene.swift in Sources */ = {isa = PBXBuildFile; fileRef = 5000000000000000000000A4 /* DesktopScene.swift */; };
		6000000000000000000000A5 /* SceneMenuBar.swift in Sources */ = {isa = PBXBuildFile; fileRef = 5000000000000000000000A5 /* SceneMenuBar.swift */; };
		6000000000000000000000A6 /* SceneNotesWindow.swift in Sources */ = {isa = PBXBuildFile; fileRef = 5000000000000000000000A6 /* SceneNotesWindow.swift */; };
		6000000000000000000000A7 /* SceneQuickPastePanel.swift in Sources */ = {isa = PBXBuildFile; fileRef = 5000000000000000000000A7 /* SceneQuickPastePanel.swift */; };
		6000000000000000000000A8 /* ScenePopover.swift in Sources */ = {isa = PBXBuildFile; fileRef = 5000000000000000000000A8 /* ScenePopover.swift */; };
		6000000000000000000000A9 /* SceneSystemSettings.swift in Sources */ = {isa = PBXBuildFile; fileRef = 5000000000000000000000A9 /* SceneSystemSettings.swift */; };
		6000000000000000000000AA /* SceneSelectionOverlay.swift in Sources */ = {isa = PBXBuildFile; fileRef = 5000000000000000000000AA /* SceneSelectionOverlay.swift */; };
		6000000000000000000000AB /* OnboardingComponents.swift in Sources */ = {isa = PBXBuildFile; fileRef = 5000000000000000000000AB /* OnboardingComponents.swift */; };
		6000000000000000000000AC /* OnboardingView.swift in Sources */ = {isa = PBXBuildFile; fileRef = 5000000000000000000000AC /* OnboardingView.swift */; };
		6000000000000000000000AD /* OnboardingWindowController.swift in Sources */ = {isa = PBXBuildFile; fileRef = 5000000000000000000000AD /* OnboardingWindowController.swift */; };
		6000000000000000000000AE /* ReauthorizeAccessibilitySheet.swift in Sources */ = {isa = PBXBuildFile; fileRef = 5000000000000000000000AE /* ReauthorizeAccessibilitySheet.swift */; };
		6000000000000000000000AF /* OnboardingPreviews.swift in Sources */ = {isa = PBXBuildFile; fileRef = 5000000000000000000000AF /* OnboardingPreviews.swift */; };
		6000000000000000000000B0 /* DemoRecorder.swift in Sources */ = {isa = PBXBuildFile; fileRef = 5000000000000000000000B0 /* DemoRecorder.swift */; };
		6000000000000000000000C0 /* Onboarding.strings in Resources */ = {isa = PBXBuildFile; fileRef = 5000000000000000000000C0 /* Onboarding.strings */; };
		6000000000000000000000D2 /* OnboardingModelTests.swift in Sources */ = {isa = PBXBuildFile; fileRef = 5000000000000000000000D2 /* OnboardingModelTests.swift */; };
		6000000000000000000001D2 /* DemoTimelineTests.swift in Sources */ = {isa = PBXBuildFile; fileRef = 5000000000000000000001D2 /* DemoTimelineTests.swift */; };
/* End PBXBuildFile section */

/* Begin PBXContainerItemProxy section */
		700000000000000000000001 /* PBXContainerItemProxy */ = {
			isa = PBXContainerItemProxy;
			containerPortal = AA0000000000000000000001 /* Project object */;
			proxyType = 1;
			remoteGlobalIDString = 100000000000000000000001;
			remoteInfo = ClipStack;
		};
/* End PBXContainerItemProxy section */

/* Begin PBXFileReference section */
		500000000000000000000020 /* Assets.xcassets */ = {isa = PBXFileReference; lastKnownFileType = folder.assetcatalog; path = Assets.xcassets; sourceTree = "<group>"; };
		500000000000000000000001 /* ClipStackApp.swift */ = {isa = PBXFileReference; lastKnownFileType = sourcecode.swift; path = ClipStackApp.swift; sourceTree = "<group>"; };
		500000000000000000000002 /* AppDelegate.swift */ = {isa = PBXFileReference; lastKnownFileType = sourcecode.swift; path = AppDelegate.swift; sourceTree = "<group>"; };
		500000000000000000000003 /* ClipboardMonitor.swift */ = {isa = PBXFileReference; lastKnownFileType = sourcecode.swift; path = ClipboardMonitor.swift; sourceTree = "<group>"; };
		500000000000000000000004 /* ScreenshotWatcher.swift */ = {isa = PBXFileReference; lastKnownFileType = sourcecode.swift; path = ScreenshotWatcher.swift; sourceTree = "<group>"; };
		500000000000000000000005 /* ClipboardStore.swift */ = {isa = PBXFileReference; lastKnownFileType = sourcecode.swift; path = ClipboardStore.swift; sourceTree = "<group>"; };
		500000000000000000000006 /* ClipboardItem.swift */ = {isa = PBXFileReference; lastKnownFileType = sourcecode.swift; path = ClipboardItem.swift; sourceTree = "<group>"; };
		500000000000000000000007 /* MenuBarView.swift */ = {isa = PBXFileReference; lastKnownFileType = sourcecode.swift; path = MenuBarView.swift; sourceTree = "<group>"; };
		50000000000000000000000B /* Info.plist */ = {isa = PBXFileReference; lastKnownFileType = text.plist.xml; path = Info.plist; sourceTree = "<group>"; };
		50000000000000000000000E /* ClipboardHistoryPersistence.swift */ = {isa = PBXFileReference; lastKnownFileType = sourcecode.swift; path = ClipboardHistoryPersistence.swift; sourceTree = "<group>"; };
		50000000000000000000000F /* SemanticIndex.swift */ = {isa = PBXFileReference; lastKnownFileType = sourcecode.swift; path = SemanticIndex.swift; sourceTree = "<group>"; };
		500000000000000000000011 /* DownloadItem.swift */ = {isa = PBXFileReference; lastKnownFileType = sourcecode.swift; path = DownloadItem.swift; sourceTree = "<group>"; };
		500000000000000000000012 /* DownloadsStore.swift */ = {isa = PBXFileReference; lastKnownFileType = sourcecode.swift; path = DownloadsStore.swift; sourceTree = "<group>"; };
		500000000000000000000013 /* DownloadsWatcher.swift */ = {isa = PBXFileReference; lastKnownFileType = sourcecode.swift; path = DownloadsWatcher.swift; sourceTree = "<group>"; };
		500000000000000000000014 /* DownloadsListView.swift */ = {isa = PBXFileReference; lastKnownFileType = sourcecode.swift; path = DownloadsListView.swift; sourceTree = "<group>"; };
		500000000000000000000016 /* InstantAreaCapture.swift */ = {isa = PBXFileReference; lastKnownFileType = sourcecode.swift; path = InstantAreaCapture.swift; sourceTree = "<group>"; };
		500000000000000000000008 /* ClipboardStoreTests.swift */ = {isa = PBXFileReference; lastKnownFileType = sourcecode.swift; path = ClipboardStoreTests.swift; sourceTree = "<group>"; };
		500000000000000000000009 /* ClipboardMonitorTests.swift */ = {isa = PBXFileReference; lastKnownFileType = sourcecode.swift; path = ClipboardMonitorTests.swift; sourceTree = "<group>"; };
		50000000000000000000000A /* ScreenshotWatcherTests.swift */ = {isa = PBXFileReference; lastKnownFileType = sourcecode.swift; path = ScreenshotWatcherTests.swift; sourceTree = "<group>"; };
		500000000000000000000010 /* SemanticIndexTests.swift */ = {isa = PBXFileReference; lastKnownFileType = sourcecode.swift; path = SemanticIndexTests.swift; sourceTree = "<group>"; };
		500000000000000000000015 /* DownloadsStoreTests.swift */ = {isa = PBXFileReference; lastKnownFileType = sourcecode.swift; path = DownloadsStoreTests.swift; sourceTree = "<group>"; };
		500000000000000000000017 /* InstantAreaCaptureTests.swift */ = {isa = PBXFileReference; lastKnownFileType = sourcecode.swift; path = InstantAreaCaptureTests.swift; sourceTree = "<group>"; };
		500000000000000000000018 /* ItemSelection.swift */ = {isa = PBXFileReference; lastKnownFileType = sourcecode.swift; path = ItemSelection.swift; sourceTree = "<group>"; };
		500000000000000000000019 /* ItemSelectionTests.swift */ = {isa = PBXFileReference; lastKnownFileType = sourcecode.swift; path = ItemSelectionTests.swift; sourceTree = "<group>"; };
		50000000000000000000001A /* QuickPasteController.swift */ = {isa = PBXFileReference; lastKnownFileType = sourcecode.swift; path = QuickPasteController.swift; sourceTree = "<group>"; };
		50000000000000000000001B /* QuickPasteView.swift */ = {isa = PBXFileReference; lastKnownFileType = sourcecode.swift; path = QuickPasteView.swift; sourceTree = "<group>"; };
		50000000000000000000001C /* QuickPasteTests.swift */ = {isa = PBXFileReference; lastKnownFileType = sourcecode.swift; path = QuickPasteTests.swift; sourceTree = "<group>"; };
		50000000000000000000001D /* QuickPastePlacement.swift */ = {isa = PBXFileReference; lastKnownFileType = sourcecode.swift; path = QuickPastePlacement.swift; sourceTree = "<group>"; };
		500000000000000000000030 /* TextCaretResolver.swift */ = {isa = PBXFileReference; lastKnownFileType = sourcecode.swift; path = TextCaretResolver.swift; sourceTree = "<group>"; };
		500000000000000000000031 /* TextRunMeasurer.swift */ = {isa = PBXFileReference; lastKnownFileType = sourcecode.swift; path = TextRunMeasurer.swift; sourceTree = "<group>"; };
		500000000000000000000033 /* TextCaretGeometry.swift */ = {isa = PBXFileReference; lastKnownFileType = sourcecode.swift; path = TextCaretGeometry.swift; sourceTree = "<group>"; };
		500000000000000000000032 /* TextCaretResolverTests.swift */ = {isa = PBXFileReference; lastKnownFileType = sourcecode.swift; path = TextCaretResolverTests.swift; sourceTree = "<group>"; };
		50000000000000000000001E /* AccessibilityTextCaretLocator.swift */ = {isa = PBXFileReference; lastKnownFileType = sourcecode.swift; path = AccessibilityTextCaretLocator.swift; sourceTree = "<group>"; };
		50000000000000000000001F /* GlobalQuickPasteHotKey.swift */ = {isa = PBXFileReference; lastKnownFileType = sourcecode.swift; path = GlobalQuickPasteHotKey.swift; sourceTree = "<group>"; };
		50000000000000000000000C /* ClipStack.app */ = {isa = PBXFileReference; explicitFileType = wrapper.application; includeInIndex = 0; path = ClipStack.app; sourceTree = BUILT_PRODUCTS_DIR; };
		50000000000000000000000D /* ClipStackTests.xctest */ = {isa = PBXFileReference; explicitFileType = wrapper.cfbundle; includeInIndex = 0; path = ClipStackTests.xctest; sourceTree = BUILT_PRODUCTS_DIR; };
		5000000000000000000000A0 /* OnboardingTheme.swift */ = {isa = PBXFileReference; lastKnownFileType = sourcecode.swift; path = OnboardingTheme.swift; sourceTree = "<group>"; };
		5000000000000000000000A1 /* OnboardingModel.swift */ = {isa = PBXFileReference; lastKnownFileType = sourcecode.swift; path = OnboardingModel.swift; sourceTree = "<group>"; };
		5000000000000000000000A2 /* DemoTimeline.swift */ = {isa = PBXFileReference; lastKnownFileType = sourcecode.swift; path = DemoTimeline.swift; sourceTree = "<group>"; };
		5000000000000000000000A3 /* MacBookFrame.swift */ = {isa = PBXFileReference; lastKnownFileType = sourcecode.swift; path = MacBookFrame.swift; sourceTree = "<group>"; };
		5000000000000000000000A4 /* DesktopScene.swift */ = {isa = PBXFileReference; lastKnownFileType = sourcecode.swift; path = DesktopScene.swift; sourceTree = "<group>"; };
		5000000000000000000000A5 /* SceneMenuBar.swift */ = {isa = PBXFileReference; lastKnownFileType = sourcecode.swift; path = SceneMenuBar.swift; sourceTree = "<group>"; };
		5000000000000000000000A6 /* SceneNotesWindow.swift */ = {isa = PBXFileReference; lastKnownFileType = sourcecode.swift; path = SceneNotesWindow.swift; sourceTree = "<group>"; };
		5000000000000000000000A7 /* SceneQuickPastePanel.swift */ = {isa = PBXFileReference; lastKnownFileType = sourcecode.swift; path = SceneQuickPastePanel.swift; sourceTree = "<group>"; };
		5000000000000000000000A8 /* ScenePopover.swift */ = {isa = PBXFileReference; lastKnownFileType = sourcecode.swift; path = ScenePopover.swift; sourceTree = "<group>"; };
		5000000000000000000000A9 /* SceneSystemSettings.swift */ = {isa = PBXFileReference; lastKnownFileType = sourcecode.swift; path = SceneSystemSettings.swift; sourceTree = "<group>"; };
		5000000000000000000000AA /* SceneSelectionOverlay.swift */ = {isa = PBXFileReference; lastKnownFileType = sourcecode.swift; path = SceneSelectionOverlay.swift; sourceTree = "<group>"; };
		5000000000000000000000AB /* OnboardingComponents.swift */ = {isa = PBXFileReference; lastKnownFileType = sourcecode.swift; path = OnboardingComponents.swift; sourceTree = "<group>"; };
		5000000000000000000000AC /* OnboardingView.swift */ = {isa = PBXFileReference; lastKnownFileType = sourcecode.swift; path = OnboardingView.swift; sourceTree = "<group>"; };
		5000000000000000000000AD /* OnboardingWindowController.swift */ = {isa = PBXFileReference; lastKnownFileType = sourcecode.swift; path = OnboardingWindowController.swift; sourceTree = "<group>"; };
		5000000000000000000000AE /* ReauthorizeAccessibilitySheet.swift */ = {isa = PBXFileReference; lastKnownFileType = sourcecode.swift; path = ReauthorizeAccessibilitySheet.swift; sourceTree = "<group>"; };
		5000000000000000000000AF /* OnboardingPreviews.swift */ = {isa = PBXFileReference; lastKnownFileType = sourcecode.swift; path = OnboardingPreviews.swift; sourceTree = "<group>"; };
		5000000000000000000000B0 /* DemoRecorder.swift */ = {isa = PBXFileReference; lastKnownFileType = sourcecode.swift; path = DemoRecorder.swift; sourceTree = "<group>"; };
		5000000000000000000000C1 /* en */ = {isa = PBXFileReference; lastKnownFileType = text.plist.strings; name = en; path = en.lproj/Onboarding.strings; sourceTree = "<group>"; };
		5000000000000000000000D2 /* OnboardingModelTests.swift */ = {isa = PBXFileReference; lastKnownFileType = sourcecode.swift; path = OnboardingModelTests.swift; sourceTree = "<group>"; };
		5000000000000000000001D2 /* DemoTimelineTests.swift */ = {isa = PBXFileReference; lastKnownFileType = sourcecode.swift; path = DemoTimelineTests.swift; sourceTree = "<group>"; };
/* End PBXFileReference section */

/* Begin PBXFrameworksBuildPhase section */
		400000000000000000000002 /* Frameworks */ = {
			isa = PBXFrameworksBuildPhase;
			buildActionMask = 2147483647;
			files = (
			);
			runOnlyForDeploymentPostprocessing = 0;
		};
		400000000000000000000005 /* Frameworks */ = {
			isa = PBXFrameworksBuildPhase;
			buildActionMask = 2147483647;
			files = (
			);
			runOnlyForDeploymentPostprocessing = 0;
		};
/* End PBXFrameworksBuildPhase section */

/* Begin PBXGroup section */
		000000000000000000000001 = {
			isa = PBXGroup;
			children = (
				000000000000000000000002 /* ClipStack */,
				000000000000000000000003 /* Tests */,
				000000000000000000000004 /* Products */,
			);
			sourceTree = "<group>";
		};
		000000000000000000000002 /* ClipStack */ = {
			isa = PBXGroup;
			children = (
				500000000000000000000020 /* Assets.xcassets */,
				0000000000000000000000A0 /* Onboarding */,
				5000000000000000000000C0 /* Onboarding.strings */,
				500000000000000000000001 /* ClipStackApp.swift */,
				500000000000000000000002 /* AppDelegate.swift */,
				500000000000000000000003 /* ClipboardMonitor.swift */,
				500000000000000000000004 /* ScreenshotWatcher.swift */,
				500000000000000000000005 /* ClipboardStore.swift */,
				500000000000000000000006 /* ClipboardItem.swift */,
				50000000000000000000000E /* ClipboardHistoryPersistence.swift */,
				50000000000000000000000F /* SemanticIndex.swift */,
				500000000000000000000011 /* DownloadItem.swift */,
				500000000000000000000012 /* DownloadsStore.swift */,
				500000000000000000000013 /* DownloadsWatcher.swift */,
				500000000000000000000007 /* MenuBarView.swift */,
				500000000000000000000014 /* DownloadsListView.swift */,
				500000000000000000000016 /* InstantAreaCapture.swift */,
				500000000000000000000018 /* ItemSelection.swift */,
				50000000000000000000001A /* QuickPasteController.swift */,
				50000000000000000000001D /* QuickPastePlacement.swift */,
				500000000000000000000033 /* TextCaretGeometry.swift */,
				500000000000000000000030 /* TextCaretResolver.swift */,
				500000000000000000000031 /* TextRunMeasurer.swift */,
				50000000000000000000001E /* AccessibilityTextCaretLocator.swift */,
				50000000000000000000001F /* GlobalQuickPasteHotKey.swift */,
				50000000000000000000001B /* QuickPasteView.swift */,
				50000000000000000000000B /* Info.plist */,
			);
			path = ClipStack;
			sourceTree = "<group>";
		};
		000000000000000000000003 /* Tests */ = {
			isa = PBXGroup;
			children = (
				500000000000000000000008 /* ClipboardStoreTests.swift */,
				500000000000000000000009 /* ClipboardMonitorTests.swift */,
				50000000000000000000000A /* ScreenshotWatcherTests.swift */,
				500000000000000000000010 /* SemanticIndexTests.swift */,
				500000000000000000000015 /* DownloadsStoreTests.swift */,
				500000000000000000000017 /* InstantAreaCaptureTests.swift */,
				500000000000000000000019 /* ItemSelectionTests.swift */,
				50000000000000000000001C /* QuickPasteTests.swift */,
				500000000000000000000032 /* TextCaretResolverTests.swift */,
				5000000000000000000000D2 /* OnboardingModelTests.swift */,
				5000000000000000000001D2 /* DemoTimelineTests.swift */,
			);
			path = Tests;
			sourceTree = "<group>";
		};
		000000000000000000000004 /* Products */ = {
			isa = PBXGroup;
			children = (
				50000000000000000000000C /* ClipStack.app */,
				50000000000000000000000D /* ClipStackTests.xctest */,
			);
			name = Products;
			sourceTree = "<group>";
		};
		0000000000000000000000A0 /* Onboarding */ = {
			isa = PBXGroup;
			children = (
				5000000000000000000000A0 /* OnboardingTheme.swift */,
				5000000000000000000000A1 /* OnboardingModel.swift */,
				5000000000000000000000A2 /* DemoTimeline.swift */,
				5000000000000000000000A3 /* MacBookFrame.swift */,
				5000000000000000000000A4 /* DesktopScene.swift */,
				5000000000000000000000A5 /* SceneMenuBar.swift */,
				5000000000000000000000A6 /* SceneNotesWindow.swift */,
				5000000000000000000000A7 /* SceneQuickPastePanel.swift */,
				5000000000000000000000A8 /* ScenePopover.swift */,
				5000000000000000000000A9 /* SceneSystemSettings.swift */,
				5000000000000000000000AA /* SceneSelectionOverlay.swift */,
				5000000000000000000000AB /* OnboardingComponents.swift */,
				5000000000000000000000AC /* OnboardingView.swift */,
				5000000000000000000000AD /* OnboardingWindowController.swift */,
				5000000000000000000000AE /* ReauthorizeAccessibilitySheet.swift */,
				5000000000000000000000AF /* OnboardingPreviews.swift */,
				5000000000000000000000B0 /* DemoRecorder.swift */,
			);
			path = Onboarding;
			sourceTree = "<group>";
		};
/* End PBXGroup section */

/* Begin PBXNativeTarget section */
		100000000000000000000001 /* ClipStack */ = {
			isa = PBXNativeTarget;
			buildConfigurationList = 300000000000000000000002 /* Build configuration list for PBXNativeTarget "ClipStack" */;
			buildPhases = (
				400000000000000000000001 /* Sources */,
				400000000000000000000002 /* Frameworks */,
				400000000000000000000003 /* Resources */,
			);
			buildRules = (
			);
			dependencies = (
			);
			name = ClipStack;
			productName = ClipStack;
			productReference = 50000000000000000000000C /* ClipStack.app */;
			productType = "com.apple.product-type.application";
		};
		200000000000000000000001 /* ClipStackTests */ = {
			isa = PBXNativeTarget;
			buildConfigurationList = 300000000000000000000003 /* Build configuration list for PBXNativeTarget "ClipStackTests" */;
			buildPhases = (
				400000000000000000000004 /* Sources */,
				400000000000000000000005 /* Frameworks */,
				400000000000000000000006 /* Resources */,
			);
			buildRules = (
			);
			dependencies = (
				700000000000000000000002 /* PBXTargetDependency */,
			);
			name = ClipStackTests;
			productName = ClipStackTests;
			productReference = 50000000000000000000000D /* ClipStackTests.xctest */;
			productType = "com.apple.product-type.bundle.unit-test";
		};
/* End PBXNativeTarget section */

/* Begin PBXProject section */
		AA0000000000000000000001 /* Project object */ = {
			isa = PBXProject;
			attributes = {
				BuildIndependentTargetsInParallel = 1;
				LastSwiftUpdateCheck = 1600;
				LastUpgradeCheck = 1600;
				TargetAttributes = {
					100000000000000000000001 = {
						CreatedOnToolsVersion = 16.0;
					};
					200000000000000000000001 = {
						CreatedOnToolsVersion = 16.0;
						TestTargetID = 100000000000000000000001;
					};
				};
			};
			buildConfigurationList = 300000000000000000000001 /* Build configuration list for PBXProject "ClipStack" */;
			compatibilityVersion = "Xcode 14.0";
			developmentRegion = en;
			hasScannedForEncodings = 0;
			knownRegions = (
				en,
				Base,
			);
			mainGroup = 000000000000000000000001;
			productRefGroup = 000000000000000000000004 /* Products */;
			projectDirPath = "";
			projectRoot = "";
			targets = (
				100000000000000000000001 /* ClipStack */,
				200000000000000000000001 /* ClipStackTests */,
			);
		};
/* End PBXProject section */

/* Begin PBXResourcesBuildPhase section */
		400000000000000000000003 /* Resources */ = {
			isa = PBXResourcesBuildPhase;
			buildActionMask = 2147483647;
			files = (
				600000000000000000000020 /* Assets.xcassets in Resources */,
				6000000000000000000000C0 /* Onboarding.strings in Resources */,
			);
			runOnlyForDeploymentPostprocessing = 0;
		};
		400000000000000000000006 /* Resources */ = {
			isa = PBXResourcesBuildPhase;
			buildActionMask = 2147483647;
			files = (
			);
			runOnlyForDeploymentPostprocessing = 0;
		};
/* End PBXResourcesBuildPhase section */

/* Begin PBXSourcesBuildPhase section */
		400000000000000000000001 /* Sources */ = {
			isa = PBXSourcesBuildPhase;
			buildActionMask = 2147483647;
			files = (
				600000000000000000000001 /* ClipStackApp.swift in Sources */,
				600000000000000000000002 /* AppDelegate.swift in Sources */,
				600000000000000000000003 /* ClipboardMonitor.swift in Sources */,
				600000000000000000000004 /* ScreenshotWatcher.swift in Sources */,
				600000000000000000000005 /* ClipboardStore.swift in Sources */,
				600000000000000000000006 /* ClipboardItem.swift in Sources */,
				60000000000000000000000B /* ClipboardHistoryPersistence.swift in Sources */,
				60000000000000000000000C /* SemanticIndex.swift in Sources */,
				60000000000000000000000E /* DownloadItem.swift in Sources */,
				60000000000000000000000F /* DownloadsStore.swift in Sources */,
				600000000000000000000010 /* DownloadsWatcher.swift in Sources */,
				600000000000000000000007 /* MenuBarView.swift in Sources */,
				600000000000000000000011 /* DownloadsListView.swift in Sources */,
				600000000000000000000013 /* InstantAreaCapture.swift in Sources */,
				600000000000000000000015 /* ItemSelection.swift in Sources */,
				600000000000000000000017 /* QuickPasteController.swift in Sources */,
				60000000000000000000001A /* QuickPastePlacement.swift in Sources */,
				600000000000000000000033 /* TextCaretGeometry.swift in Sources */,
				600000000000000000000030 /* TextCaretResolver.swift in Sources */,
				600000000000000000000031 /* TextRunMeasurer.swift in Sources */,
				60000000000000000000001B /* AccessibilityTextCaretLocator.swift in Sources */,
				60000000000000000000001C /* GlobalQuickPasteHotKey.swift in Sources */,
				600000000000000000000018 /* QuickPasteView.swift in Sources */,
				6000000000000000000000A0 /* OnboardingTheme.swift in Sources */,
				6000000000000000000000A1 /* OnboardingModel.swift in Sources */,
				6000000000000000000000A2 /* DemoTimeline.swift in Sources */,
				6000000000000000000000A3 /* MacBookFrame.swift in Sources */,
				6000000000000000000000A4 /* DesktopScene.swift in Sources */,
				6000000000000000000000A5 /* SceneMenuBar.swift in Sources */,
				6000000000000000000000A6 /* SceneNotesWindow.swift in Sources */,
				6000000000000000000000A7 /* SceneQuickPastePanel.swift in Sources */,
				6000000000000000000000A8 /* ScenePopover.swift in Sources */,
				6000000000000000000000A9 /* SceneSystemSettings.swift in Sources */,
				6000000000000000000000AA /* SceneSelectionOverlay.swift in Sources */,
				6000000000000000000000AB /* OnboardingComponents.swift in Sources */,
				6000000000000000000000AC /* OnboardingView.swift in Sources */,
				6000000000000000000000AD /* OnboardingWindowController.swift in Sources */,
				6000000000000000000000AE /* ReauthorizeAccessibilitySheet.swift in Sources */,
				6000000000000000000000AF /* OnboardingPreviews.swift in Sources */,
				6000000000000000000000B0 /* DemoRecorder.swift in Sources */,
			);
			runOnlyForDeploymentPostprocessing = 0;
		};
		400000000000000000000004 /* Sources */ = {
			isa = PBXSourcesBuildPhase;
			buildActionMask = 2147483647;
			files = (
				600000000000000000000008 /* ClipboardStoreTests.swift in Sources */,
				600000000000000000000009 /* ClipboardMonitorTests.swift in Sources */,
				60000000000000000000000A /* ScreenshotWatcherTests.swift in Sources */,
				60000000000000000000000D /* SemanticIndexTests.swift in Sources */,
				600000000000000000000012 /* DownloadsStoreTests.swift in Sources */,
				600000000000000000000014 /* InstantAreaCaptureTests.swift in Sources */,
				600000000000000000000016 /* ItemSelectionTests.swift in Sources */,
				600000000000000000000019 /* QuickPasteTests.swift in Sources */,
				600000000000000000000032 /* TextCaretResolverTests.swift in Sources */,
				6000000000000000000000D2 /* OnboardingModelTests.swift in Sources */,
				6000000000000000000001D2 /* DemoTimelineTests.swift in Sources */,
			);
			runOnlyForDeploymentPostprocessing = 0;
		};
/* End PBXSourcesBuildPhase section */

/* Begin PBXTargetDependency section */
		700000000000000000000002 /* PBXTargetDependency */ = {
			isa = PBXTargetDependency;
			target = 100000000000000000000001 /* ClipStack */;
			targetProxy = 700000000000000000000001 /* PBXContainerItemProxy */;
		};
/* End PBXTargetDependency section */

/* Begin PBXVariantGroup section */
		5000000000000000000000C0 /* Onboarding.strings */ = {
			isa = PBXVariantGroup;
			children = (
				5000000000000000000000C1 /* en */,
			);
			name = Onboarding.strings;
			sourceTree = "<group>";
		};
/* End PBXVariantGroup section */


/* Begin XCBuildConfiguration section */
		310000000000000000000001 /* Debug */ = {
			isa = XCBuildConfiguration;
			buildSettings = {
				ALWAYS_SEARCH_USER_PATHS = NO;
				ARCHS = "arm64 x86_64";
				CLANG_ANALYZER_NONNULL = YES;
				CLANG_ANALYZER_NUMBER_OBJECT_CONVERSION = YES_AGGRESSIVE;
				CLANG_CXX_LANGUAGE_STANDARD = "gnu++20";
				CLANG_ENABLE_MODULES = YES;
				CLANG_ENABLE_OBJC_ARC = YES;
				CLANG_ENABLE_OBJC_WEAK = YES;
				CLANG_WARN_BLOCK_CAPTURE_AUTORELEASING = YES;
				CLANG_WARN_BOOL_CONVERSION = YES;
				CLANG_WARN_COMMA = YES;
				CLANG_WARN_CONSTANT_CONVERSION = YES;
				CLANG_WARN_DEPRECATED_OBJC_IMPLEMENTATIONS = YES;
				CLANG_WARN_DIRECT_OBJC_ISA_USAGE = YES_ERROR;
				CLANG_WARN_DOCUMENTATION_COMMENTS = YES;
				CLANG_WARN_EMPTY_BODY = YES;
				CLANG_WARN_ENUM_CONVERSION = YES;
				CLANG_WARN_INFINITE_RECURSION = YES;
				CLANG_WARN_INT_CONVERSION = YES;
				CLANG_WARN_NON_LITERAL_NULL_CONVERSION = YES;
				CLANG_WARN_OBJC_IMPLICIT_RETAIN_SELF = YES;
				CLANG_WARN_OBJC_LITERAL_CONVERSION = YES;
				CLANG_WARN_OBJC_ROOT_CLASS = YES_ERROR;
				CLANG_WARN_QUOTED_INCLUDE_IN_FRAMEWORK_HEADER = YES;
				CLANG_WARN_RANGE_LOOP_ANALYSIS = YES;
				CLANG_WARN_STRICT_PROTOTYPES = YES;
				CLANG_WARN_SUSPICIOUS_MOVE = YES;
				CLANG_WARN_UNGUARDED_AVAILABILITY = YES_AGGRESSIVE;
				CLANG_WARN_UNREACHABLE_CODE = YES;
				CLANG_WARN__DUPLICATE_METHOD_MATCH = YES;
				COPY_PHASE_STRIP = NO;
				DEBUG_INFORMATION_FORMAT = dwarf;
				ENABLE_STRICT_OBJC_MSGSEND = YES;
				ENABLE_TESTABILITY = YES;
				GCC_C_LANGUAGE_STANDARD = gnu17;
				GCC_DYNAMIC_NO_PIC = NO;
				GCC_NO_COMMON_BLOCKS = YES;
				GCC_OPTIMIZATION_LEVEL = 0;
				GCC_PREPROCESSOR_DEFINITIONS = (
					"DEBUG=1",
					"$(inherited)",
				);
				GCC_WARN_64_TO_32_BIT_CONVERSION = YES;
				GCC_WARN_ABOUT_RETURN_TYPE = YES_ERROR;
				GCC_WARN_UNDECLARED_SELECTOR = YES;
				GCC_WARN_UNINITIALIZED_AUTOS = YES_AGGRESSIVE;
				GCC_WARN_UNUSED_FUNCTION = YES;
				GCC_WARN_UNUSED_VARIABLE = YES;
				LOCALIZATION_PREFERS_STRING_CATALOGS = YES;
				MACOSX_DEPLOYMENT_TARGET = 13.0;
				MTL_ENABLE_DEBUG_INFO = INCLUDE_SOURCE;
				MTL_FAST_MATH = YES;
				ONLY_ACTIVE_ARCH = YES;
				SDKROOT = macosx;
				SWIFT_ACTIVE_COMPILATION_CONDITIONS = DEBUG;
				SWIFT_OPTIMIZATION_LEVEL = "-Onone";
				SWIFT_VERSION = 6.0;
			};
			name = Debug;
		};
		310000000000000000000002 /* Release */ = {
			isa = XCBuildConfiguration;
			buildSettings = {
				ALWAYS_SEARCH_USER_PATHS = NO;
				CLANG_ANALYZER_NONNULL = YES;
				CLANG_ANALYZER_NUMBER_OBJECT_CONVERSION = YES_AGGRESSIVE;
				CLANG_CXX_LANGUAGE_STANDARD = "gnu++20";
				CLANG_ENABLE_MODULES = YES;
				CLANG_ENABLE_OBJC_ARC = YES;
				CLANG_ENABLE_OBJC_WEAK = YES;
				CLANG_WARN_BLOCK_CAPTURE_AUTORELEASING = YES;
				CLANG_WARN_BOOL_CONVERSION = YES;
				CLANG_WARN_COMMA = YES;
				CLANG_WARN_CONSTANT_CONVERSION = YES;
				CLANG_WARN_DEPRECATED_OBJC_IMPLEMENTATIONS = YES;
				CLANG_WARN_DIRECT_OBJC_ISA_USAGE = YES_ERROR;
				CLANG_WARN_DOCUMENTATION_COMMENTS = YES;
				CLANG_WARN_EMPTY_BODY = YES;
				CLANG_WARN_ENUM_CONVERSION = YES;
				CLANG_WARN_INFINITE_RECURSION = YES;
				CLANG_WARN_INT_CONVERSION = YES;
				CLANG_WARN_NON_LITERAL_NULL_CONVERSION = YES;
				CLANG_WARN_OBJC_IMPLICIT_RETAIN_SELF = YES;
				CLANG_WARN_OBJC_LITERAL_CONVERSION = YES;
				CLANG_WARN_OBJC_ROOT_CLASS = YES_ERROR;
				CLANG_WARN_QUOTED_INCLUDE_IN_FRAMEWORK_HEADER = YES;
				CLANG_WARN_RANGE_LOOP_ANALYSIS = YES;
				CLANG_WARN_STRICT_PROTOTYPES = YES;
				CLANG_WARN_SUSPICIOUS_MOVE = YES;
				CLANG_WARN_UNGUARDED_AVAILABILITY = YES_AGGRESSIVE;
				CLANG_WARN_UNREACHABLE_CODE = YES;
				CLANG_WARN__DUPLICATE_METHOD_MATCH = YES;
				CODE_SIGN_IDENTITY = "-";
				CODE_SIGNING_ALLOWED = YES;
				CODE_SIGNING_REQUIRED = NO;
				CODE_SIGN_STYLE = Manual;
				COPY_PHASE_STRIP = YES;
				CURRENT_PROJECT_VERSION = 6;
				DEBUG_INFORMATION_FORMAT = "dwarf-with-dsym";
				ENABLE_DEBUG_DYLIB = NO;
				ENABLE_HARDENED_RUNTIME = NO;
				ENABLE_NS_ASSERTIONS = NO;
				ENABLE_STRICT_OBJC_MSGSEND = YES;
				ENABLE_TESTABILITY = NO;
				GCC_C_LANGUAGE_STANDARD = gnu17;
				GCC_NO_COMMON_BLOCKS = YES;
				GCC_OPTIMIZATION_LEVEL = s;
				GCC_WARN_64_TO_32_BIT_CONVERSION = YES;
				GCC_WARN_ABOUT_RETURN_TYPE = YES_ERROR;
				GCC_WARN_UNDECLARED_SELECTOR = YES;
				GCC_WARN_UNINITIALIZED_AUTOS = YES_AGGRESSIVE;
				GCC_WARN_UNUSED_FUNCTION = YES;
				GCC_WARN_UNUSED_VARIABLE = YES;
				LOCALIZATION_PREFERS_STRING_CATALOGS = YES;
				MACOSX_DEPLOYMENT_TARGET = 13.0;
				MARKETING_VERSION = 0.5.0;
				MTL_ENABLE_DEBUG_INFO = NO;
				MTL_FAST_MATH = YES;
				ONLY_ACTIVE_ARCH = NO;
				SDKROOT = macosx;
				SWIFT_COMPILATION_MODE = wholemodule;
				SWIFT_OPTIMIZATION_LEVEL = "-O";
				SWIFT_VERSION = 6.0;
			};
			name = Release;
		};
	320000000000000000000001 /* Debug */ = {
			isa = XCBuildConfiguration;
			buildSettings = {
				ASSETCATALOG_COMPILER_APPICON_NAME = AppIcon;
				ASSETCATALOG_COMPILER_GLOBAL_ACCENT_COLOR_NAME = AccentColor;
				CODE_SIGN_STYLE = Automatic;
				COMBINE_HIDPI_IMAGES = YES;
				DEVELOPMENT_TEAM = "";
				ENABLE_HARDENED_RUNTIME = YES;
				GENERATE_INFOPLIST_FILE = NO;
				INFOPLIST_FILE = ClipStack/Info.plist;
				LD_RUNPATH_SEARCH_PATHS = (
					"$(inherited)",
					"@executable_path/../Frameworks",
				);
				MACOSX_DEPLOYMENT_TARGET = 13.0;
				PRODUCT_BUNDLE_IDENTIFIER = com.startapse.ClipStack;
				PRODUCT_NAME = "$(TARGET_NAME)";
				SWIFT_VERSION = 6.0;
			};
			name = Debug;
		};
		320000000000000000000002 /* Release */ = {
			isa = XCBuildConfiguration;
			buildSettings = {
				ARCHS = "arm64 x86_64";
				ASSETCATALOG_COMPILER_APPICON_NAME = AppIcon;
				ASSETCATALOG_COMPILER_GLOBAL_ACCENT_COLOR_NAME = AccentColor;
				CODE_SIGN_IDENTITY = "-";
				CODE_SIGN_STYLE = Manual;
				CODE_SIGNING_ALLOWED = YES;
				CODE_SIGNING_REQUIRED = NO;
				COMBINE_HIDPI_IMAGES = YES;
				CURRENT_PROJECT_VERSION = 6;
				DEVELOPMENT_TEAM = "";
				ENABLE_DEBUG_DYLIB = NO;
				ENABLE_HARDENED_RUNTIME = NO;
				GENERATE_INFOPLIST_FILE = NO;
				INFOPLIST_FILE = ClipStack/Info.plist;
				LD_RUNPATH_SEARCH_PATHS = (
					"$(inherited)",
					"@executable_path/../Frameworks",
				);
				MACOSX_DEPLOYMENT_TARGET = 13.0;
				MARKETING_VERSION = 0.5.0;
				ONLY_ACTIVE_ARCH = NO;
				PRODUCT_BUNDLE_IDENTIFIER = com.clipstack.app;
				PRODUCT_NAME = "$(TARGET_NAME)";
				SWIFT_VERSION = 6.0;
			};
			name = Release;
		};
		330000000000000000000001 /* Debug */ = {
			isa = XCBuildConfiguration;
			buildSettings = {
				BUNDLE_LOADER = "$(TEST_HOST)";
				CODE_SIGN_STYLE = Automatic;
				DEVELOPMENT_TEAM = "";
				GENERATE_INFOPLIST_FILE = YES;
				LD_RUNPATH_SEARCH_PATHS = (
					"$(inherited)",
					"@executable_path/../Frameworks",
					"@loader_path/../Frameworks",
				);
				MACOSX_DEPLOYMENT_TARGET = 13.0;
				PRODUCT_BUNDLE_IDENTIFIER = com.startapse.ClipStackTests;
				PRODUCT_NAME = "$(TARGET_NAME)";
				SWIFT_VERSION = 6.0;
				TEST_HOST = "$(BUILT_PRODUCTS_DIR)/ClipStack.app/$(BUNDLE_EXECUTABLE_FOLDER_PATH)/ClipStack";
				WRAPPER_EXTENSION = xctest;
			};
			name = Debug;
		};
		330000000000000000000002 /* Release */ = {
			isa = XCBuildConfiguration;
			buildSettings = {
				BUNDLE_LOADER = "$(TEST_HOST)";
				CODE_SIGN_STYLE = Automatic;
				DEVELOPMENT_TEAM = "";
				GENERATE_INFOPLIST_FILE = YES;
				LD_RUNPATH_SEARCH_PATHS = (
					"$(inherited)",
					"@executable_path/../Frameworks",
					"@loader_path/../Frameworks",
				);
				MACOSX_DEPLOYMENT_TARGET = 13.0;
				PRODUCT_BUNDLE_IDENTIFIER = com.startapse.ClipStackTests;
				PRODUCT_NAME = "$(TARGET_NAME)";
				SWIFT_VERSION = 6.0;
				TEST_HOST = "$(BUILT_PRODUCTS_DIR)/ClipStack.app/$(BUNDLE_EXECUTABLE_FOLDER_PATH)/ClipStack";
				WRAPPER_EXTENSION = xctest;
			};
			name = Release;
		};
/* End XCBuildConfiguration section */

/* Begin XCConfigurationList section */
		300000000000000000000001 /* Build configuration list for PBXProject "ClipStack" */ = {
			isa = XCConfigurationList;
			buildConfigurations = (
				310000000000000000000001 /* Debug */,
				310000000000000000000002 /* Release */,
			);
			defaultConfigurationIsVisible = 0;
			defaultConfigurationName = Release;
		};
		300000000000000000000002 /* Build configuration list for PBXNativeTarget "ClipStack" */ = {
			isa = XCConfigurationList;
			buildConfigurations = (
				320000000000000000000001 /* Debug */,
				320000000000000000000002 /* Release */,
			);
			defaultConfigurationIsVisible = 0;
			defaultConfigurationName = Release;
		};
		300000000000000000000003 /* Build configuration list for PBXNativeTarget "ClipStackTests" */ = {
			isa = XCConfigurationList;
			buildConfigurations = (
				330000000000000000000001 /* Debug */,
				330000000000000000000002 /* Release */,
			);
			defaultConfigurationIsVisible = 0;
			defaultConfigurationName = Release;
		};
/* End XCConfigurationList section */
	};
	rootObject = AA0000000000000000000001 /* Project object */;
}
